
Microsoft Visual Studio Solution File, Format Version 12.00
# Visual Studio Version 17
VisualStudioVersion = 17.1.32421.90
MinimumVisualStudioVersion = 10.0.40219.1
Project("{9A19103F-16F7-4668-BE54-9A1E7A4F7556}") = "GameServerAuthorization", "GameServerAuthorization\GameServerAuthorization.csproj", "{4E71E083-4E08-48F3-A22E-D6AA83F86573}"
EndProject
Project("{9A19103F-16F7-4668-BE54-9A1E7A4F7556}") = "GameServerData", "GameServerData\GameServerData\GameServerData.csproj", "{D42D8D02-6608-4FB2-AEF3-DE2C098A723B}"
EndProject
Global
	GlobalSection(SolutionConfigurationPlatforms) = preSolution
		Debug|Any CPU = Debug|Any CPU
		Release|Any CPU = Release|Any CPU
	EndGlobalSection
	GlobalSection(ProjectConfigurationPlatforms) = postSolution
		{4E71E083-4E08-48F3-A22E-D6AA83F86573}.Debug|Any CPU.ActiveCfg = Debug|Any CPU
		{4E71E083-4E08-48F3-A22E-D6AA83F86573}.Debug|Any CPU.Build.0 = Debug|Any CPU
		{4E71E083-4E08-48F3-A22E-D6AA83F86573}.Release|Any CPU.ActiveCfg = Release|Any CPU
		{4E71E083-4E08-48F3-A22E-D6AA83F86573}.Release|Any CPU.Build.0 = Release|Any CPU
		{D42D8D02-6608-4FB2-AEF3-DE2C098A723B}.Debug|Any CPU.ActiveCfg = Debug|Any CPU
		{D42D8D02-6608-4FB2-AEF3-DE2C098A723B}.Debug|Any CPU.Build.0 = Debug|Any CPU
		{D42D8D02-6608-4FB2-AEF3-DE2C098A723B}.Release|Any CPU.ActiveCfg = Release|Any CPU
		{D42D8D02-6608-4FB2-AEF3-DE2C098A723B}.Release|Any CPU.Build.0 = Release|Any CPU
	EndGlobalSection
	GlobalSection(SolutionProperties) = preSolution
		HideSolutionNode = FALSE
	EndGlobalSection
	GlobalSection(ExtensibilityGlobals) = postSolution
		SolutionGuid = {BBC345A8-CB4E-4BF3-9365-77D52CAAC033}
	EndGlobalSection
EndGlobal
